
Microsoft Visual Studio Solution File, Format Version 12.00
# Visual Studio Version 16
VisualStudioVersion = 16.0.32630.194
MinimumVisualStudioVersion = 10.0.40219.1
Project("{FAE04EC0-301F-11D3-BF4B-00C04F79EFBC}") = "BlogAPI", "BlogAPI\BlogAPI.csproj", "{CA451A64-AAC8-41B8-A18A-9D9708DADEAD}"
EndProject
Project("{FAE04EC0-301F-11D3-BF4B-00C04F79EFBC}") = "BlogTeste", "BlogTeste\BlogTeste.csproj", "{47DC7A8D-ED27-4C9D-AB8E-E890BBC1EC18}"
EndProject
Global
	GlobalSection(SolutionConfigurationPlatforms) = preSolution
		Debug|Any CPU = Debug|Any CPU
		Release|Any CPU = Release|Any CPU
	EndGlobalSection
	GlobalSection(ProjectConfigurationPlatforms) = postSolution
		{CA451A64-AAC8-41B8-A18A-9D9708DADEAD}.Debug|Any CPU.ActiveCfg = Debug|Any CPU
		{CA451A64-AAC8-41B8-A18A-9D9708DADEAD}.Debug|Any CPU.Build.0 = Debug|Any CPU
		{CA451A64-AAC8-41B8-A18A-9D9708DADEAD}.Release|Any CPU.ActiveCfg = Release|Any CPU
		{CA451A64-AAC8-41B8-A18A-9D9708DADEAD}.Release|Any CPU.Build.0 = Release|Any CPU
		{47DC7A8D-ED27-4C9D-AB8E-E890BBC1EC18}.Debug|Any CPU.ActiveCfg = Debug|Any CPU
		{47DC7A8D-ED27-4C9D-AB8E-E890BBC1EC18}.Debug|Any CPU.Build.0 = Debug|Any CPU
		{47DC7A8D-ED27-4C9D-AB8E-E890BBC1EC18}.Release|Any CPU.ActiveCfg = Release|Any CPU
		{47DC7A8D-ED27-4C9D-AB8E-E890BBC1EC18}.Release|Any CPU.Build.0 = Release|Any CPU
	EndGlobalSection
	GlobalSection(SolutionProperties) = preSolution
		HideSolutionNode = FALSE
	EndGlobalSection
	GlobalSection(ExtensibilityGlobals) = postSolution
		SolutionGuid = {D2753C3A-DC6B-4C81-8206-54E1D7695BFA}
	EndGlobalSection
EndGlobal
